// !$*UTF8*$!
{
	archiveVersion = 1;
	classes = {
	};
	objectVersion = 46;
	objects = {

/* Begin PBXBuildFile section */
		264BF13D1E0F860200B0F79C /* AppDelegate.swift in Sources */ = {isa = PBXBuildFile; fileRef = 264BF13C1E0F860200B0F79C /* AppDelegate.swift */; };
		264BF13F1E0F860200B0F79C /* ViewController.swift in Sources */ = {isa = PBXBuildFile; fileRef = 264BF13E1E0F860200B0F79C /* ViewController.swift */; };
		264BF1421E0F860200B0F79C /* Main.storyboard in Resources */ = {isa = PBXBuildFile; fileRef = 264BF1401E0F860200B0F79C /* Main.storyboard */; };
		264BF1441E0F860200B0F79C /* Assets.xcassets in Resources */ = {isa = PBXBuildFile; fileRef = 264BF1431E0F860200B0F79C /* Assets.xcassets */; };
		264BF1471E0F860200B0F79C /* LaunchScreen.storyboard in Resources */ = {isa = PBXBuildFile; fileRef = 264BF1451E0F860200B0F79C /* LaunchScreen.storyboard */; };
		264BF1521E0F860200B0F79C /* _4PullRefreshyTests.swift in Sources */ = {isa = PBXBuildFile; fileRef = 264BF1511E0F860200B0F79C /* _4PullRefreshyTests.swift */; };
		264BF15D1E0F860200B0F79C /* _4PullRefreshyUITests.swift in Sources */ = {isa = PBXBuildFile; fileRef = 264BF15C1E0F860200B0F79C /* _4PullRefreshyUITests.swift */; };
/* End PBXBuildFile section */

/* Begin PBXContainerItemProxy section */
		264BF14E1E0F860200B0F79C /* PBXContainerItemProxy */ = {
			isa = PBXContainerItemProxy;
			containerPortal = 264BF1311E0F860200B0F79C /* Project object */;
			proxyType = 1;
			remoteGlobalIDString = 264BF1381E0F860200B0F79C;
			remoteInfo = 04PullRefreshy;
		};
		264BF1591E0F860200B0F79C /* PBXContainerItemProxy */ = {
			isa = PBXContainerItemProxy;
			containerPortal = 264BF1311E0F860200B0F79C /* Project object */;
			proxyType = 1;
			remoteGlobalIDString = 264BF1381E0F860200B0F79C;
			remoteInfo = 04PullRefreshy;
		};
/* End PBXContainerItemProxy section */

/* Begin PBXFileReference section */
		264BF1391E0F860200B0F79C /* 04PullRefreshy.app */ = {isa = PBXFileReference; explicitFileType = wrapper.application; includeInIndex = 0; path = 04PullRefreshy.app; sourceTree = BUILT_PRODUCTS_DIR; };
		264BF13C1E0F860200B0F79C /* AppDelegate.swift */ = {isa = PBXFileReference; lastKnownFileType = sourcecode.swift; path = AppDelegate.swift; sourceTree = "<group>"; };
		264BF13E1E0F860200B0F79C /* ViewController.swift */ = {isa = PBXFileReference; lastKnownFileType = sourcecode.swift; path = ViewController.swift; sourceTree = "<group>"; };
		264BF1411E0F860200B0F79C /* Base */ = {isa = PBXFileReference; lastKnownFileType = file.storyboard; name = Base; path = Base.lproj/Main.storyboard; sourceTree = "<group>"; };
		264BF1431E0F860200B0F79C /* Assets.xcassets */ = {isa = PBXFileReference; lastKnownFileType = folder.assetcatalog; path = Assets.xcassets; sourceTree = "<group>"; };
		264BF1461E0F860200B0F79C /* Base */ = {isa = PBXFileReference; lastKnownFileType = file.storyboard; name = Base; path = Base.lproj/LaunchScreen.storyboard; sourceTree = "<group>"; };
		264BF1481E0F860200B0F79C /* Info.plist */ = {isa = PBXFileReference; lastKnownFileType = text.plist.xml; path = Info.plist; sourceTree = "<group>"; };
		264BF14D1E0F860200B0F79C /* 04PullRefreshyTests.xctest */ = {isa = PBXFileReference; explicitFileType = wrapper.cfbundle; includeInIndex = 0; path = 04PullRefreshyTests.xctest; sourceTree = BUILT_PRODUCTS_DIR; };
		264BF1511E0F860200B0F79C /* _4PullRefreshyTests.swift */ = {isa = PBXFileReference; lastKnownFileType = sourcecode.swift; path = _4PullRefreshyTests.swift; sourceTree = "<group>"; };
		264BF1531E0F860200B0F79C /* Info.plist */ = {isa = PBXFileReference; lastKnownFileType = text.plist.xml; path = Info.plist; sourceTree = "<group>"; };
		264BF1581E0F860200B0F79C /* 04PullRefreshyUITests.xctest */ = {isa = PBXFileReference; explicitFileType = wrapper.cfbundle; includeInIndex = 0; path = 04PullRefreshyUITests.xctest; sourceTree = BUILT_PRODUCTS_DIR; };
		264BF15C1E0F860200B0F79C /* _4PullRefreshyUITests.swift */ = {isa = PBXFileReference; lastKnownFileType = sourcecode.swift; path = _4PullRefreshyUITests.swift; sourceTree = "<group>"; };
		264BF15E1E0F860200B0F79C /* Info.plist */ = {isa = PBXFileReference; lastKnownFileType = text.plist.xml; path = Info.plist; sourceTree = "<group>"; };
/* End PBXFileReference section */

/* Begin PBXFrameworksBuildPhase section */
		264BF1361E0F860200B0F79C /* Frameworks */ = {
			isa = PBXFrameworksBuildPhase;
			buildActionMask = 2147483647;
			files = (
			);
			runOnlyForDeploymentPostprocessing = 0;
		};
		264BF14A1E0F860200B0F79C /* Frameworks */ = {
			isa = PBXFrameworksBuildPhase;
			buildActionMask = 2147483647;
			files = (
			);
			runOnlyForDeploymentPostprocessing = 0;
		};
		264BF1551E0F860200B0F79C /* Frameworks */ = {
			isa = PBXFrameworksBuildPhase;
			buildActionMask = 2147483647;
			files = (
			);
			runOnlyForDeploymentPostprocessing = 0;
		};
/* End PBXFrameworksBuildPhase section */

/* Begin PBXGroup section */
		264BF1301E0F860200B0F79C = {
			isa = PBXGroup;
			children = (
				264BF13B1E0F860200B0F79C /* 04PullRefreshy */,
				264BF1501E0F860200B0F79C /* 04PullRefreshyTests */,
				264BF15B1E0F860200B0F79C /* 04PullRefreshyUITests */,
				264BF13A1E0F860200B0F79C /* Products */,
			);
			sourceTree = "<group>";
		};
		264BF13A1E0F860200B0F79C /* Products */ = {
			isa = PBXGroup;
			children = (
				264BF1391E0F860200B0F79C /* 04PullRefreshy.app */,
				264BF14D1E0F860200B0F79C /* 04PullRefreshyTests.xctest */,
				264BF1581E0F860200B0F79C /* 04PullRefreshyUITests.xctest */,
			);
			name = Products;
			sourceTree = "<group>";
		};
		264BF13B1E0F860200B0F79C /* 04PullRefreshy */ = {
			isa = PBXGroup;
			children = (
				264BF13C1E0F860200B0F79C /* AppDelegate.swift */,
				264BF13E1E0F860200B0F79C /* ViewController.swift */,
				264BF1401E0F860200B0F79C /* Main.storyboard */,
				264BF1431E0F860200B0F79C /* Assets.xcassets */,
				264BF1451E0F860200B0F79C /* LaunchScreen.storyboard */,
				264BF1481E0F860200B0F79C /* Info.plist */,
			);
			path = 04PullRefreshy;
			sourceTree = "<group>";
		};
		264BF1501E0F860200B0F79C /* 04PullRefreshyTests */ = {
			isa = PBXGroup;
			children = (
				264BF1511E0F860200B0F79C /* _4PullRefreshyTests.swift */,
				264BF1531E0F860200B0F79C /* Info.plist */,
			);
			path = 04PullRefreshyTests;
			sourceTree = "<group>";
		};
		264BF15B1E0F860200B0F79C /* 04PullRefreshyUITests */ = {
			isa = PBXGroup;
			children = (
				264BF15C1E0F860200B0F79C /* _4PullRefreshyUITests.swift */,
				264BF15E1E0F860200B0F79C /* Info.plist */,
			);
			path = 04PullRefreshyUITests;
			sourceTree = "<group>";
		};
/* End PBXGroup section */

/* Begin PBXNativeTarget section */
		264BF1381E0F860200B0F79C /* 04PullRefreshy */ = {
			isa = PBXNativeTarget;
			buildConfigurationList = 264BF1611E0F860200B0F79C /* Build configuration list for PBXNativeTarget "04PullRefreshy" */;
			buildPhases = (
				264BF1351E0F860200B0F79C /* Sources */,
				264BF1361E0F860200B0F79C /* Frameworks */,
				264BF1371E0F860200B0F79C /* Resources */,
			);
			buildRules = (
			);
			dependencies = (
			);
			name = 04PullRefreshy;
			productName = 04PullRefreshy;
			productReference = 264BF1391E0F860200B0F79C /* 04PullRefreshy.app */;
			productType = "com.apple.product-type.application";
		};
		264BF14C1E0F860200B0F79C /* 04PullRefreshyTests */ = {
			isa = PBXNativeTarget;
			buildConfigurationList = 264BF1641E0F860200B0F79C /* Build configuration list for PBXNativeTarget "04PullRefreshyTests" */;
			buildPhases = (
				264BF1491E0F860200B0F79C /* Sources */,
				264BF14A1E0F860200B0F79C /* Frameworks */,
				264BF14B1E0F860200B0F79C /* Resources */,
			);
			buildRules = (
			);
			dependencies = (
				264BF14F1E0F860200B0F79C /* PBXTargetDependency */,
			);
			name = 04PullRefreshyTests;
			productName = 04PullRefreshyTests;
			productReference = 264BF14D1E0F860200B0F79C /* 04PullRefreshyTests.xctest */;
			productType = "com.apple.product-type.bundle.unit-test";
		};
		264BF1571E0F860200B0F79C /* 04PullRefreshyUITests */ = {
			isa = PBXNativeTarget;
			buildConfigurationList = 264BF1671E0F860200B0F79C /* Build configuration list for PBXNativeTarget "04PullRefreshyUITests" */;
			buildPhases = (
				264BF1541E0F860200B0F79C /* Sources */,
				264BF1551E0F860200B0F79C /* Frameworks */,
				264BF1561E0F860200B0F79C /* Resources */,
			);
			buildRules = (
			);
			dependencies = (
				264BF15A1E0F860200B0F79C /* PBXTargetDependency */,
			);
			name = 04PullRefreshyUITests;
			productName = 04PullRefreshyUITests;
			productReference = 264BF1581E0F860200B0F79C /* 04PullRefreshyUITests.xctest */;
			productType = "com.apple.product-type.bundle.ui-testing";
		};
/* End PBXNativeTarget section */

/* Begin PBXProject section */
		264BF1311E0F860200B0F79C /* Project object */ = {
			isa = PBXProject;
			attributes = {
				LastSwiftUpdateCheck = 0730;
				LastUpgradeCheck = 0730;
				ORGANIZATIONNAME = sven;
				TargetAttributes = {
					264BF1381E0F860200B0F79C = {
						CreatedOnToolsVersion = 7.3.1;
					};
					264BF14C1E0F860200B0F79C = {
						CreatedOnToolsVersion = 7.3.1;
						TestTargetID = 264BF1381E0F860200B0F79C;
					};
					264BF1571E0F860200B0F79C = {
						CreatedOnToolsVersion = 7.3.1;
						TestTargetID = 264BF1381E0F860200B0F79C;
					};
				};
			};
			buildConfigurationList = 264BF1341E0F860200B0F79C /* Build configuration list for PBXProject "04PullRefreshy" */;
			compatibilityVersion = "Xcode 3.2";
			developmentRegion = English;
			hasScannedForEncodings = 0;
			knownRegions = (
				en,
				Base,
			);
			mainGroup = 264BF1301E0F860200B0F79C;
			productRefGroup = 264BF13A1E0F860200B0F79C /* Products */;
			projectDirPath = "";
			projectRoot = "";
			targets = (
				264BF1381E0F860200B0F79C /* 04PullRefreshy */,
				264BF14C1E0F860200B0F79C /* 04PullRefreshyTests */,
				264BF1571E0F860200B0F79C /* 04PullRefreshyUITests */,
			);
		};
/* End PBXProject section */

/* Begin PBXResourcesBuildPhase section */
		264BF1371E0F860200B0F79C /* Resources */ = {
			isa = PBXResourcesBuildPhase;
			buildActionMask = 2147483647;
			files = (
				264BF1471E0F860200B0F79C /* LaunchScreen.storyboard in Resources */,
				264BF1441E0F860200B0F79C /* Assets.xcassets in Resources */,
				264BF1421E0F860200B0F79C /* Main.storyboard in Resources */,
			);
			runOnlyForDeploymentPostprocessing = 0;
		};
		264BF14B1E0F860200B0F79C /* Resources */ = {
			isa = PBXResourcesBuildPhase;
			buildActionMask = 2147483647;
			files = (
			);
			runOnlyForDeploymentPostprocessing = 0;
		};
		264BF1561E0F860200B0F79C /* Resources */ = {
			isa = PBXResourcesBuildPhase;
			buildActionMask = 2147483647;
			files = (
			);
			runOnlyForDeploymentPostprocessing = 0;
		};
/* End PBXResourcesBuildPhase section */

/* Begin PBXSourcesBuildPhase section */
		264BF1351E0F860200B0F79C /* Sources */ = {
			isa = PBXSourcesBuildPhase;
			buildActionMask = 2147483647;
			files = (
				264BF13F1E0F860200B0F79C /* ViewController.swift in Sources */,
				264BF13D1E0F860200B0F79C /* AppDelegate.swift in Sources */,
			);
			runOnlyForDeploymentPostprocessing = 0;
		};
		264BF1491E0F860200B0F79C /* Sources */ = {
			isa = PBXSourcesBuildPhase;
			buildActionMask = 2147483647;
			files = (
				264BF1521E0F860200B0F79C /* _4PullRefreshyTests.swift in Sources */,
			);
			runOnlyForDeploymentPostprocessing = 0;
		};
		264BF1541E0F860200B0F79C /* Sources */ = {
			isa = PBXSourcesBuildPhase;
			buildActionMask = 2147483647;
			files = (
				264BF15D1E0F860200B0F79C /* _4PullRefreshyUITests.swift in Sources */,
			);
			runOnlyForDeploymentPostprocessing = 0;
		};
/* End PBXSourcesBuildPhase section */

/* Begin PBXTargetDependency section */
		264BF14F1E0F860200B0F79C /* PBXTargetDependency */ = {
			isa = PBXTargetDependency;
			target = 264BF1381E0F860200B0F79C /* 04PullRefreshy */;
			targetProxy = 264BF14E1E0F860200B0F79C /* PBXContainerItemProxy */;
		};
		264BF15A1E0F860200B0F79C /* PBXTargetDependency */ = {
			isa = PBXTargetDependency;
			target = 264BF1381E0F860200B0F79C /* 04PullRefreshy */;
			targetProxy = 264BF1591E0F860200B0F79C /* PBXContainerItemProxy */;
		};
/* End PBXTargetDependency section */

/* Begin PBXVariantGroup section */
		264BF1401E0F860200B0F79C /* Main.storyboard */ = {
			isa = PBXVariantGroup;
			children = (
				264BF1411E0F860200B0F79C /* Base */,
			);
			name = Main.storyboard;
			sourceTree = "<group>";
		};
		264BF1451E0F860200B0F79C /* LaunchScreen.storyboard */ = {
			isa = PBXVariantGroup;
			children = (
				264BF1461E0F860200B0F79C /* Base */,
			);
			name = LaunchScreen.storyboard;
			sourceTree = "<group>";
		};
/* End PBXVariantGroup section */

/* Begin XCBuildConfiguration section */
		264BF15F1E0F860200B0F79C /* Debug */ = {
			isa = XCBuildConfiguration;
			buildSettings = {
				ALWAYS_SEARCH_USER_PATHS = NO;
				CLANG_ANALYZER_NONNULL = YES;
				CLANG_CXX_LANGUAGE_STANDARD = "gnu++0x";
				CLANG_CXX_LIBRARY = "libc++";
				CLANG_ENABLE_MODULES = YES;
				CLANG_ENABLE_OBJC_ARC = YES;
				CLANG_WARN_BOOL_CONVERSION = YES;
				CLANG_WARN_CONSTANT_CONVERSION = YES;
				CLANG_WARN_DIRECT_OBJC_ISA_USAGE = YES_ERROR;
				CLANG_WARN_EMPTY_BODY = YES;
				CLANG_WARN_ENUM_CONVERSION = YES;
				CLANG_WARN_INT_CONVERSION = YES;
				CLANG_WARN_OBJC_ROOT_CLASS = YES_ERROR;
				CLANG_WARN_UNREACHABLE_CODE = YES;
				CLANG_WARN__DUPLICATE_METHOD_MATCH = YES;
				"CODE_SIGN_IDENTITY[sdk=iphoneos*]" = "iPhone Developer";
				COPY_PHASE_STRIP = NO;
				DEBUG_INFORMATION_FORMAT = dwarf;
				ENABLE_STRICT_OBJC_MSGSEND = YES;
				ENABLE_TESTABILITY = YES;
				GCC_C_LANGUAGE_STANDARD = gnu99;
				GCC_DYNAMIC_NO_PIC = NO;
				GCC_NO_COMMON_BLOCKS = YES;
				GCC_OPTIMIZATION_LEVEL = 0;
				GCC_PREPROCESSOR_DEFINITIONS = (
					"DEBUG=1",
					"$(inherited)",
				);
				GCC_WARN_64_TO_32_BIT_CONVERSION = YES;
				GCC_WARN_ABOUT_RETURN_TYPE = YES_ERROR;
				GCC_WARN_UNDECLARED_SELECTOR = YES;
				GCC_WARN_UNINITIALIZED_AUTOS = YES_AGGRESSIVE;
				GCC_WARN_UNUSED_FUNCTION = YES;
				GCC_WARN_UNUSED_VARIABLE = YES;
				IPHONEOS_DEPLOYMENT_TARGET = 9.3;
				MTL_ENABLE_DEBUG_INFO = YES;
				ONLY_ACTIVE_ARCH = YES;
				SDKROOT = iphoneos;
				SWIFT_OPTIMIZATION_LEVEL = "-Onone";
			};
			name = Debug;
		};
		264BF1601E0F860200B0F79C /* Release */ = {
			isa = XCBuildConfiguration;
			buildSettings = {
				ALWAYS_SEARCH_USER_PATHS = NO;
				CLANG_ANALYZER_NONNULL = YES;
				CLANG_CXX_LANGUAGE_STANDARD = "gnu++0x";
				CLANG_CXX_LIBRARY = "libc++";
				CLANG_ENABLE_MODULES = YES;
				CLANG_ENABLE_OBJC_ARC = YES;
				CLANG_WARN_BOOL_CONVERSION = YES;
				CLANG_WARN_CONSTANT_CONVERSION = YES;
				CLANG_WARN_DIRECT_OBJC_ISA_USAGE = YES_ERROR;
				CLANG_WARN_EMPTY_BODY = YES;
				CLANG_WARN_ENUM_CONVERSION = YES;
				CLANG_WARN_INT_CONVERSION = YES;
				CLANG_WARN_OBJC_ROOT_CLASS = YES_ERROR;
				CLANG_WARN_UNREACHABLE_CODE = YES;
				CLANG_WARN__DUPLICATE_METHOD_MATCH = YES;
				"CODE_SIGN_IDENTITY[sdk=iphoneos*]" = "iPhone Developer";
				COPY_PHASE_STRIP = NO;
				DEBUG_INFORMATION_FORMAT = "dwarf-with-dsym";
				ENABLE_NS_ASSERTIONS = NO;
				ENABLE_STRICT_OBJC_MSGSEND = YES;
				GCC_C_LANGUAGE_STANDARD = gnu99;
				GCC_NO_COMMON_BLOCKS = YES;
				GCC_WARN_64_TO_32_BIT_CONVERSION = YES;
				GCC_WARN_ABOUT_RETURN_TYPE = YES_ERROR;
				GCC_WARN_UNDECLARED_SELECTOR = YES;
				GCC_WARN_UNINITIALIZED_AUTOS = YES_AGGRESSIVE;
				GCC_WARN_UNUSED_FUNCTION = YES;
				GCC_WARN_UNUSED_VARIABLE = YES;
				IPHONEOS_DEPLOYMENT_TARGET = 9.3;
				MTL_ENABLE_DEBUG_INFO = NO;
				SDKROOT = iphoneos;
				VALIDATE_PRODUCT = YES;
			};
			name = Release;
		};
		264BF1621E0F860200B0F79C /* Debug */ = {
			isa = XCBuildConfiguration;
			buildSettings = {
				ASSETCATALOG_COMPILER_APPICON_NAME = AppIcon;
				INFOPLIST_FILE = 04PullRefreshy/Info.plist;
				LD_RUNPATH_SEARCH_PATHS = "$(inherited) @executable_path/Frameworks";
				PRODUCT_BUNDLE_IDENTIFIER = "test.-4PullRefreshy";
				PRODUCT_NAME = "$(TARGET_NAME)";
			};
			name = Debug;
		};
		264BF1631E0F860200B0F79C /* Release */ = {
			isa = XCBuildConfiguration;
			buildSettings = {
				ASSETCATALOG_COMPILER_APPICON_NAME = AppIcon;
				INFOPLIST_FILE = 04PullRefreshy/Info.plist;
				LD_RUNPATH_SEARCH_PATHS = "$(inherited) @executable_path/Frameworks";
				PRODUCT_BUNDLE_IDENTIFIER = "test.-4PullRefreshy";
				PRODUCT_NAME = "$(TARGET_NAME)";
			};
			name = Release;
		};
		264BF1651E0F860200B0F79C /* Debug */ = {
			isa = XCBuildConfiguration;
			buildSettings = {
				BUNDLE_LOADER = "$(TEST_HOST)";
				INFOPLIST_FILE = 04PullRefreshyTests/Info.plist;
				LD_RUNPATH_SEARCH_PATHS = "$(inherited) @executable_path/Frameworks @loader_path/Frameworks";
				PRODUCT_BUNDLE_IDENTIFIER = "test.-4PullRefreshyTests";
				PRODUCT_NAME = "$(TARGET_NAME)";
				TEST_HOST = "$(BUILT_PRODUCTS_DIR)/04PullRefreshy.app/04PullRefreshy";
			};
			name = Debug;
		};
		264BF1661E0F860200B0F79C /* Release */ = {
			isa = XCBuildConfiguration;
			buildSettings = {
				BUNDLE_LOADER = "$(TEST_HOST)";
				INFOPLIST_FILE = 04PullRefreshyTests/Info.plist;
				LD_RUNPATH_SEARCH_PATHS = "$(inherited) @executable_path/Frameworks @loader_path/Frameworks";
				PRODUCT_BUNDLE_IDENTIFIER = "test.-4PullRefreshyTests";
				PRODUCT_NAME = "$(TARGET_NAME)";
				TEST_HOST = "$(BUILT_PRODUCTS_DIR)/04PullRefreshy.app/04PullRefreshy";
			};
			name = Release;
		};
		264BF1681E0F860200B0F79C /* Debug */ = {
			isa = XCBuildConfiguration;
			buildSettings = {
				INFOPLIST_FILE = 04PullRefreshyUITests/Info.plist;
				LD_RUNPATH_SEARCH_PATHS = "$(inherited) @executable_path/Frameworks @loader_path/Frameworks";
				PRODUCT_BUNDLE_IDENTIFIER = "test.-4PullRefreshyUITests";
				PRODUCT_NAME = "$(TARGET_NAME)";
				TEST_TARGET_NAME = 04PullRefreshy;
			};
			name = Debug;
		};
		264BF1691E0F860200B0F79C /* Release */ = {
			isa = XCBuildConfiguration;
			buildSettings = {
				INFOPLIST_FILE = 04PullRefreshyUITests/Info.plist;
				LD_RUNPATH_SEARCH_PATHS = "$(inherited) @executable_path/Frameworks @loader_path/Frameworks";
				PRODUCT_BUNDLE_IDENTIFIER = "test.-4PullRefreshyUITests";
				PRODUCT_NAME = "$(TARGET_NAME)";
				TEST_TARGET_NAME = 04PullRefreshy;
			};
			name = Release;
		};
/* End XCBuildConfiguration section */

/* Begin XCConfigurationList section */
		264BF1341E0F860200B0F79C /* Build configuration list for PBXProject "04PullRefreshy" */ = {
			isa = XCConfigurationList;
			buildConfigurations = (
				264BF15F1E0F860200B0F79C /* Debug */,
				264BF1601E0F860200B0F79C /* Release */,
			);
			defaultConfigurationIsVisible = 0;
			defaultConfigurationName = Release;
		};
		264BF1611E0F860200B0F79C /* Build configuration list for PBXNativeTarget "04PullRefreshy" */ = {
			isa = XCConfigurationList;
			buildConfigurations = (
				264BF1621E0F860200B0F79C /* Debug */,
				264BF1631E0F860200B0F79C /* Release */,
			);
			defaultConfigurationIsVisible = 0;
		};
		264BF1641E0F860200B0F79C /* Build configuration list for PBXNativeTarget "04PullRefreshyTests" */ = {
			isa = XCConfigurationList;
			buildConfigurations = (
				264BF1651E0F860200B0F79C /* Debug */,
				264BF1661E0F860200B0F79C /* Release */,
			);
			defaultConfigurationIsVisible = 0;
		};
		264BF1671E0F860200B0F79C /* Build configuration list for PBXNativeTarget "04PullRefreshyUITests" */ = {
			isa = XCConfigurationList;
			buildConfigurations = (
				264BF1681E0F860200B0F79C /* Debug */,
				264BF1691E0F860200B0F79C /* Release */,
			);
			defaultConfigurationIsVisible = 0;
		};
/* End XCConfigurationList section */
	};
	rootObject = 264BF1311E0F860200B0F79C /* Project object */;
}
